
Microsoft Visual Studio Solution File, Format Version 12.00
# Visual Studio 15
VisualStudioVersion = 15.0.28307.1267
MinimumVisualStudioVersion = 10.0.40219.1
Project("{FAE04EC0-301F-11D3-BF4B-00C04F79EFBC}") = "BlogPessoal.Web", "BlogPessoal.Web\BlogPessoal.Web.csproj", "{B1729058-DF61-48EE-843E-A33712A08544}"
EndProject
Project("{FAE04EC0-301F-11D3-BF4B-00C04F79EFBC}") = "BlogPessoal.Web.Tests", "BlogPessoal.Web.Tests\BlogPessoal.Web.Tests.csproj", "{8B0FB973-40E3-4B8A-A04B-6801104C4F02}"
EndProject
Global
	GlobalSection(SolutionConfigurationPlatforms) = preSolution
		Debug|Any CPU = Debug|Any CPU
		Release|Any CPU = Release|Any CPU
	EndGlobalSection
	GlobalSection(ProjectConfigurationPlatforms) = postSolution
		{B1729058-DF61-48EE-843E-A33712A08544}.Debug|Any CPU.ActiveCfg = Debug|Any CPU
		{B1729058-DF61-48EE-843E-A33712A08544}.Debug|Any CPU.Build.0 = Debug|Any CPU
		{B1729058-DF61-48EE-843E-A33712A08544}.Release|Any CPU.ActiveCfg = Release|Any CPU
		{B1729058-DF61-48EE-843E-A33712A08544}.Release|Any CPU.Build.0 = Release|Any CPU
		{8B0FB973-40E3-4B8A-A04B-6801104C4F02}.Debug|Any CPU.ActiveCfg = Debug|Any CPU
		{8B0FB973-40E3-4B8A-A04B-6801104C4F02}.Debug|Any CPU.Build.0 = Debug|Any CPU
		{8B0FB973-40E3-4B8A-A04B-6801104C4F02}.Release|Any CPU.ActiveCfg = Release|Any CPU
		{8B0FB973-40E3-4B8A-A04B-6801104C4F02}.Release|Any CPU.Build.0 = Release|Any CPU
	EndGlobalSection
	GlobalSection(SolutionProperties) = preSolution
		HideSolutionNode = FALSE
	EndGlobalSection
	GlobalSection(ExtensibilityGlobals) = postSolution
		SolutionGuid = {3DA3E17A-29A6-45FD-BCFF-915840CBC66F}
	EndGlobalSection
EndGlobal
